github.com/cenkalti/backoff/v4 v4.3.0 h1:MyRJ/UdXutAwSAT+s3wNd7MfTIcy71VQueUuFK343L8=
github.com/cenkalti/backoff/v4 v4.3.0/go.mod h1:Y3VNntkOUPxTVeUxJ/G5vcM//AlwfmyYozVcomhLiZE=
github.com/cenkalti/backoff/v5 v5.0.2 h1:rIfFVxEf1QsI7E1ZHfp/B4DF/6QBAUhmgkxc0H7Zss8=
github.com/cenkalti/backoff/v5 v5.0.2/go.mod h1:rkhZdG3JZukswDf7f0cwqPNk4K0sa+F97BxZthm/crw=
github.com/coreos/go-systemd/v22 v22.5.0/go.mod h1:Y58oyj3AT4RCenI/lSvhwexgC+NSVTIJ3seZv2GcEnc=
github.com/go-logr/logr v1.2.2/go.mod h1:jdQByPbusPIv2/zmleS9BjJVeZ6kBagPoEUsqbVz/1A=
github.com/go-logr/logr v1.4.2 h1:6pFjapn8bFcIbiKo3XT4j/BhANplGihG6tvd+8rYgrY=
github.com/go-logr/logr v1.4.2/go.mod h1:9T104GzyrTigFIr8wt5mBrctHMim0Nb2HLGrmQ40KvY=
github.com/go-logr/stdr v1.2.2 h1:hSWxHoqTgW2S2qGc0LTAI563KZ5YKYRhT3MFKZMbjag=
github.com/go-logr/stdr v1.2.2/go.mod h1:mMo/vtBO5dYbehREoey6XUKy/eSumjCCveDpRre4VKE=
github.com/godbus/dbus/v5 v5.0.4/go.mod h1:xhWf0FNVPg57R7Z0UbKHbJfkEywrmjJnf7w5xrFpKfA=
github.com/google/uuid v1.6.0 h1:NIvaJDMOsjHA8n1jAhLSgzrAzy1Hgr+hNrb57e+94F0=
github.com/google/uuid v1.6.0/go.mod h1:TIyPZe4MgqvfeYDBFedMoGGpEw/LqOeaOT+nhxU+yHo=
github.com/grpc-ecosystem/grpc-gateway/v2 v2.26.3 h1:5ZPtiqj0JL5oKWmcsq4VMaAW5ukBEgSGXEN89zeH1Jo=
github.com/grpc-ecosystem/grpc-gateway/v2 v2.26.3/go.mod h1:ndYquD05frm2vACXE1nsccT4oJzjhw2arTS2cpUD1PI=
github.com/kalbasit/ncps v0.1.1 h1:RFIgWSOc0QebouCEQrRDyRVSi6irUMKzcBgnmkVXwlE=
github.com/kalbasit/ncps v0.1.1/go.mod h1:1qAFahoHptOsAoob7kZ7jNr1WWVD5D6SLltGuK9Et+E=
github.com/kalbasit/ncps v0.2.0 h1:yE+vcZRi7+mGOTrB4WccM0GBKVInBaksqwTG2Umte/w=
github.com/kalbasit/ncps v0.2.0/go.mod h1:CWQcd1iWHGkl3+e01pKrszy2fpaxAuiu2TvqQERysqc=
github.com/mattn/go-colorable v0.1.13/go.mod h1:7S9/ev0klgBDR4GtXTXX8a3vIGJpMovkB8vQcUbaXHg=
github.com/mattn/go-colorable v0.1.14 h1:9A9LHSqF/7dyVVX6g0U9cwm9pG3kP9gSzcuIPHPsaIE=
github.com/mattn/go-colorable v0.1.14/go.mod h1:6LmQG8QLFO4G5z1gPvYEzlUgJ2wF+stgPZH1UqBm1s8=
github.com/mattn/go-isatty v0.0.16/go.mod h1:kYGgaQfpe5nmfYZH+SKPsOc2e4SrIfOl2e/yFXSvRLM=
github.com/mattn/go-isatty v0.0.19/go.mod h1:W+V8PltTTMOvKvAeJH7IuucS94S2C6jfK/D7dTCTo3Y=
github.com/mattn/go-isatty v0.0.20 h1:xfD0iDuEKnDkl03q4limB+vH+GxLEtL/jb4xVJSWWEY=
github.com/mattn/go-isatty v0.0.20/go.mod h1:W+V8PltTTMOvKvAeJH7IuucS94S2C6jfK/D7dTCTo3Y=
github.com/pkg/errors v0.9.1/go.mod h1:bwawxfHBFNV+L2hUp1rHADufV3IMtnDRdf1r5NINEl0=
github.com/robfig/cron/v3 v3.0.1 h1:WdRxkvbJztn8LMz/QEvLN5sBU+xKpSqwwUO1Pjr4qDs=
github.com/robfig/cron/v3 v3.0.1/go.mod h1:eQICP3HwyT7UooqI/z+Ov+PtYAWygg1TEWWzGIFLtro=
github.com/rs/xid v1.6.0/go.mod h1:7XoLgs4eV+QndskICGsho+ADou8ySMSjJKDIan90Nz0=
github.com/rs/zerolog v1.34.0 h1:k43nTLIwcTVQAncfCw4KZ2VY6ukYoZaBPNOE8txlOeY=
github.com/rs/zerolog v1.34.0/go.mod h1:bJsvje4Z08ROH4Nhs5iH600c3IkWhwp44iRc54W6wYQ=
github.com/urfave/cli/v3 v3.3.1 h1:1W2P2ymTKcAbRjpmfczJdZWP2evOPbLGGr60KuTiRxE=
github.com/urfave/cli/v3 v3.3.1/go.mod h1:FJSKtM/9AiiTOJL4fJ6TbMUkxBXn7GO9guZqoZtpYpo=
github.com/urfave/cli/v3 v3.3.2 h1:BYFVnhhZ8RqT38DxEYVFPPmGFTEf7tJwySTXsVRrS/o=
github.com/urfave/cli/v3 v3.3.2/go.mod h1:FJSKtM/9AiiTOJL4fJ6TbMUkxBXn7GO9guZqoZtpYpo=
github.com/urfave/cli/v3 v3.3.3 h1:byCBaVdIXuLPIDm5CYZRVG6NvT7tv1ECqdU4YzlEa3I=
github.com/urfave/cli/v3 v3.3.3/go.mod h1:FJSKtM/9AiiTOJL4fJ6TbMUkxBXn7GO9guZqoZtpYpo=
go.opentelemetry.io/auto/sdk v1.1.0 h1:cH53jehLUN6UFLY71z+NDOiNJqDdPRaXzTel0sJySYA=
go.opentelemetry.io/auto/sdk v1.1.0/go.mod h1:3wSPjt5PWp2RhlCcmmOial7AvC4DQqZb7a7wCow3W8A=
go.opentelemetry.io/otel v1.35.0 h1:xKWKPxrxB6OtMCbmMY021CqC45J+3Onta9MqjhnusiQ=
go.opentelemetry.io/otel v1.35.0/go.mod h1:UEqy8Zp11hpkUrL73gSlELM0DupHoiq72dR+Zqel/+Y=
go.opentelemetry.io/otel v1.36.0 h1:UumtzIklRBY6cI/lllNZlALOF5nNIzJVb16APdvgTXg=
go.opentelemetry.io/otel v1.36.0/go.mod h1:/TcFMXYjyRNh8khOAO9ybYkqaDBb/70aVwkNML4pP8E=
go.opentelemetry.io/otel/exporters/otlp/otlplog/otlploggrpc v0.11.0 h1:HMUytBT3uGhPKYY/u/G5MR9itrlSO2SMOsSD3Tk3k7A=
go.opentelemetry.io/otel/exporters/otlp/otlplog/otlploggrpc v0.11.0/go.mod h1:hdDXsiNLmdW/9BF2jQpnHHlhFajpWCEYfM6e5m2OAZg=
go.opentelemetry.io/otel/exporters/otlp/otlplog/otlploggrpc v0.12.1 h1:2qoGDuAjMcth60YorIAFf0Phz4R3sHL0InVaTdI7nH8=
go.opentelemetry.io/otel/exporters/otlp/otlplog/otlploggrpc v0.12.1/go.mod h1:A3WNcH/VFLr5amkW6jQCy4K9oKlqaNjQj8J7ZJKcx5g=
go.opentelemetry.io/otel/exporters/otlp/otlplog/otlploggrpc v0.12.2 h1:06ZeJRe5BnYXceSM9Vya83XXVaNGe3H1QqsvqRANQq8=
go.opentelemetry.io/otel/exporters/otlp/otlplog/otlploggrpc v0.12.2/go.mod h1:DvPtKE63knkDVP88qpatBj81JxN+w1bqfVbsbCbj1WY=
go.opentelemetry.io/otel/exporters/otlp/otlpmetric/otlpmetricgrpc v1.35.0 h1:QcFwRrZLc82r8wODjvyCbP7Ifp3UANaBSmhDSFjnqSc=
go.opentelemetry.io/otel/exporters/otlp/otlpmetric/otlpmetricgrpc v1.35.0/go.mod h1:CXIWhUomyWBG/oY2/r/kLp6K/cmx9e/7DLpBuuGdLCA=
go.opentelemetry.io/otel/exporters/otlp/otlpmetric/otlpmetricgrpc v1.36.0 h1:zwdo1gS2eH26Rg+CoqVQpEK1h8gvt5qyU5Kk5Bixvow=
go.opentelemetry.io/otel/exporters/otlp/otlpmetric/otlpmetricgrpc v1.36.0/go.mod h1:rUKCPscaRWWcqGT6HnEmYrK+YNe5+Sw64xgQTOJ5b30=
go.opentelemetry.io/otel/exporters/otlp/otlptrace v1.35.0 h1:1fTNlAIJZGWLP5FVu0fikVry1IsiUnXjf7QFvoNN3Xw=
go.opentelemetry.io/otel/exporters/otlp/otlptrace v1.35.0/go.mod h1:zjPK58DtkqQFn+YUMbx0M2XV3QgKU0gS9LeGohREyK4=
go.opentelemetry.io/otel/exporters/otlp/otlptrace v1.36.0 h1:dNzwXjZKpMpE2JhmO+9HsPl42NIXFIFSUSSs0fiqra0=
go.opentelemetry.io/otel/exporters/otlp/otlptrace v1.36.0/go.mod h1:90PoxvaEB5n6AOdZvi+yWJQoE95U8Dhhw2bSyRqnTD0=
go.opentelemetry.io/otel/exporters/otlp/otlptrace/otlptracegrpc v1.35.0 h1:m639+BofXTvcY1q8CGs4ItwQarYtJPOWmVobfM1HpVI=
go.opentelemetry.io/otel/exporters/otlp/otlptrace/otlptracegrpc v1.35.0/go.mod h1:LjReUci/F4BUyv+y4dwnq3h/26iNOeC3wAIqgvTIZVo=
go.opentelemetry.io/otel/exporters/otlp/otlptrace/otlptracegrpc v1.36.0 h1:JgtbA0xkWHnTmYk7YusopJFX6uleBmAuZ8n05NEh8nQ=
go.opentelemetry.io/otel/exporters/otlp/otlptrace/otlptracegrpc v1.36.0/go.mod h1:179AK5aar5R3eS9FucPy6rggvU0g52cvKId8pv4+v0c=
go.opentelemetry.io/otel/exporters/stdout/stdoutlog v0.11.0 h1:k6KdfZk72tVW/QVZf60xlDziDvYAePj5QHwoQvrB2m8=
go.opentelemetry.io/otel/exporters/stdout/stdoutlog v0.11.0/go.mod h1:5Y3ZJLqzi/x/kYtrSrPSx7TFI/SGsL7q2kME027tH6I=
go.opentelemetry.io/otel/exporters/stdout/stdoutlog v0.12.1 h1:FcIqTXhu37k4Ydc7sg2tZUBdTYqXElJf4qktxObqrBc=
go.opentelemetry.io/otel/exporters/stdout/stdoutlog v0.12.1/go.mod h1:WMjhmjVjedgyJz9bbgKlTiwwXVY8FJZgTTpP+YaC1Oc=
go.opentelemetry.io/otel/exporters/stdout/stdoutlog v0.12.2 h1:12vMqzLLNZtXuXbJhSENRg+Vvx+ynNilV8twBLBsXMY=
go.opentelemetry.io/otel/exporters/stdout/stdoutlog v0.12.2/go.mod h1:ZccPZoPOoq8x3Trik/fCsba7DEYDUnN6yX79pgp2BUQ=
go.opentelemetry.io/otel/exporters/stdout/stdoutmetric v1.35.0 h1:PB3Zrjs1sG1GBX51SXyTSoOTqcDglmsk7nT6tkKPb/k=
go.opentelemetry.io/otel/exporters/stdout/stdoutmetric v1.35.0/go.mod h1:U2R3XyVPzn0WX7wOIypPuptulsMcPDPs/oiSVOMVnHY=
go.opentelemetry.io/otel/exporters/stdout/stdoutmetric v1.36.0 h1:rixTyDGXFxRy1xzhKrotaHy3/KXdPhlWARrCgK+eqUY=
go.opentelemetry.io/otel/exporters/stdout/stdoutmetric v1.36.0/go.mod h1:dowW6UsM9MKbJq5JTz2AMVp3/5iW5I/TStsk8S+CfHw=
go.opentelemetry.io/otel/exporters/stdout/stdouttrace v1.35.0 h1:T0Ec2E+3YZf5bgTNQVet8iTDW7oIk03tXHq+wkwIDnE=
go.opentelemetry.io/otel/exporters/stdout/stdouttrace v1.35.0/go.mod h1:30v2gqH+vYGJsesLWFov8u47EpYTcIQcBjKpI6pJThg=
go.opentelemetry.io/otel/exporters/stdout/stdouttrace v1.36.0 h1:G8Xec/SgZQricwWBJF/mHZc7A02YHedfFDENwJEdRA0=
go.opentelemetry.io/otel/exporters/stdout/stdouttrace v1.36.0/go.mod h1:PD57idA/AiFD5aqoxGxCvT/ILJPeHy3MjqU/NS7KogY=
go.opentelemetry.io/otel/log v0.11.0 h1:c24Hrlk5WJ8JWcwbQxdBqxZdOK7PcP/LFtOtwpDTe3Y=
go.opentelemetry.io/otel/log v0.11.0/go.mod h1:U/sxQ83FPmT29trrifhQg+Zj2lo1/IPN1PF6RTFqdwc=
go.opentelemetry.io/otel/log v0.12.1 h1:VIfeVj/w81CSR0ibbr2zYB3Q3p4f54QUPiJ2jqltaOk=
go.opentelemetry.io/otel/log v0.12.1/go.mod h1:ShIItIxSYxufUMt+1H5a2wbckGli3/iCfuEbVZi/98E=
go.opentelemetry.io/otel/log v0.12.2 h1:yob9JVHn2ZY24byZeaXpTVoPS6l+UrrxmxmPKohXTwc=
go.opentelemetry.io/otel/log v0.12.2/go.mod h1:ShIItIxSYxufUMt+1H5a2wbckGli3/iCfuEbVZi/98E=
go.opentelemetry.io/otel/metric v1.35.0 h1:0znxYu2SNyuMSQT4Y9WDWej0VpcsxkuklLa4/siN90M=
go.opentelemetry.io/otel/metric v1.35.0/go.mod h1:nKVFgxBZ2fReX6IlyW28MgZojkoAkJGaE8CpgeAU3oE=
go.opentelemetry.io/otel/metric v1.36.0 h1:MoWPKVhQvJ+eeXWHFBOPoBOi20jh6Iq2CcCREuTYufE=
go.opentelemetry.io/otel/metric v1.36.0/go.mod h1:zC7Ks+yeyJt4xig9DEw9kuUFe5C3zLbVjV2PzT6qzbs=
go.opentelemetry.io/otel/sdk v1.35.0 h1:iPctf8iprVySXSKJffSS79eOjl9pvxV9ZqOWT0QejKY=
go.opentelemetry.io/otel/sdk v1.35.0/go.mod h1:+ga1bZliga3DxJ3CQGg3updiaAJoNECOgJREo9KHGQg=
go.opentelemetry.io/otel/sdk v1.36.0 h1:b6SYIuLRs88ztox4EyrvRti80uXIFy+Sqzoh9kFULbs=
go.opentelemetry.io/otel/sdk v1.36.0/go.mod h1:+lC+mTgD+MUWfjJubi2vvXWcVxyr9rmlshZni72pXeY=
go.opentelemetry.io/otel/sdk/log v0.11.0 h1:7bAOpjpGglWhdEzP8z0VXc4jObOiDEwr3IYbhBnjk2c=
go.opentelemetry.io/otel/sdk/log v0.11.0/go.mod h1:dndLTxZbwBstZoqsJB3kGsRPkpAgaJrWfQg3lhlHFFY=
go.opentelemetry.io/otel/sdk/log v0.12.1 h1:C79Z875wo+YViMyz2S/I6cQmRYB6pq/hWxzT4Ah0U+0=
go.opentelemetry.io/otel/sdk/log v0.12.1/go.mod h1:KS1EkGlRQfCsIwsZql8JK/XjCvM874cXFpkZNlrm5N8=
go.opentelemetry.io/otel/sdk/log v0.12.2 h1:yNoETvTByVKi7wHvYS6HMcZrN5hFLD7I++1xIZ/k6W0=
go.opentelemetry.io/otel/sdk/log v0.12.2/go.mod h1:DcpdmUXHJgSqN/dh+XMWa7Vf89u9ap0/AAk/XGLnEzY=
go.opentelemetry.io/otel/sdk/metric v1.35.0 h1:1RriWBmCKgkeHEhM7a2uMjMUfP7MsOF5JpUCaEqEI9o=
go.opentelemetry.io/otel/sdk/metric v1.35.0/go.mod h1:is6XYCUMpcKi+ZsOvfluY5YstFnhW0BidkR+gL+qN+w=
go.opentelemetry.io/otel/sdk/metric v1.36.0 h1:r0ntwwGosWGaa0CrSt8cuNuTcccMXERFwHX4dThiPis=
go.opentelemetry.io/otel/sdk/metric v1.36.0/go.mod h1:qTNOhFDfKRwX0yXOqJYegL5WRaW376QbB7P4Pb0qva4=
go.opentelemetry.io/otel/trace v1.35.0 h1:dPpEfJu1sDIqruz7BHFG3c7528f6ddfSWfFDVt/xgMs=
go.opentelemetry.io/otel/trace v1.35.0/go.mod h1:WUk7DtFp1Aw2MkvqGdwiXYDZZNvA/1J8o6xRXLrIkyc=
go.opentelemetry.io/otel/trace v1.36.0 h1:ahxWNuqZjpdiFAyrIoQ4GIiAIhxAunQR6MUoKrsNd4w=
go.opentelemetry.io/otel/trace v1.36.0/go.mod h1:gQ+OnDZzrybY4k4seLzPAWNwVBBVlF2szhehOBB/tGA=
go.opentelemetry.io/proto/otlp v1.5.0 h1:xJvq7gMzB31/d406fB8U5CBdyQGw4P399D1aQWU/3i4=
go.opentelemetry.io/proto/otlp v1.5.0/go.mod h1:keN8WnHxOy8PG0rQZjJJ5A2ebUoafqWp0eVQ4yIXvJ4=
go.opentelemetry.io/proto/otlp v1.6.0 h1:jQjP+AQyTf+Fe7OKj/MfkDrmK4MNVtw2NpXsf9fefDI=
go.opentelemetry.io/proto/otlp v1.6.0/go.mod h1:cicgGehlFuNdgZkcALOCh3VE6K/u2tAjzlRhDwmVpZc=
go.uber.org/automaxprocs v1.6.0 h1:O3y2/QNTOdbF+e/dpXNNW7Rx2hZ4sTIPyybbxyNqTUs=
go.uber.org/automaxprocs v1.6.0/go.mod h1:ifeIMSnPZuznNm6jmdzmU3/bfk01Fe2fotchwEFJ8r8=
golang.org/x/net v0.39.0 h1:ZCu7HMWDxpXpaiKdhzIfaltL9Lp31x/3fCP11bc6/fY=
golang.org/x/net v0.39.0/go.mod h1:X7NRbYVEA+ewNkCNyJ513WmMdQ3BineSwVtN2zD/d+E=
golang.org/x/net v0.40.0 h1:79Xs7wF06Gbdcg4kdCCIQArK11Z1hr5POQ6+fIYHNuY=
golang.org/x/net v0.40.0/go.mod h1:y0hY0exeL2Pku80/zKK7tpntoX23cqL3Oa6njdgRtds=
golang.org/x/sync v0.13.0 h1:AauUjRAJ9OSnvULf/ARrrVywoJDy0YS2AwQ98I37610=
golang.org/x/sync v0.13.0/go.mod h1:1dzgHSNfp02xaA81J2MS99Qcpr2w7fw1gpm99rleRqA=
golang.org/x/sync v0.14.0 h1:woo0S4Yywslg6hp4eUFjTVOyKt0RookbpAHG4c1HmhQ=
golang.org/x/sync v0.14.0/go.mod h1:1dzgHSNfp02xaA81J2MS99Qcpr2w7fw1gpm99rleRqA=
golang.org/x/sys v0.0.0-20220811171246-fbc7d0a398ab/go.mod h1:oPkhp1MJrh7nUepCBck5+mAzfO9JrbApNNgaTdGDITg=
golang.org/x/sys v0.6.0/go.mod h1:oPkhp1MJrh7nUepCBck5+mAzfO9JrbApNNgaTdGDITg=
golang.org/x/sys v0.12.0/go.mod h1:oPkhp1MJrh7nUepCBck5+mAzfO9JrbApNNgaTdGDITg=
golang.org/x/sys v0.32.0 h1:s77OFDvIQeibCmezSnk/q6iAfkdiQaJi4VzroCFrN20=
golang.org/x/sys v0.32.0/go.mod h1:BJP2sWEmIv4KK5OTEluFJCKSidICx8ciO85XgH3Ak8k=
golang.org/x/sys v0.33.0 h1:q3i8TbbEz+JRD9ywIRlyRAQbM0qF7hu24q3teo2hbuw=
golang.org/x/sys v0.33.0/go.mod h1:BJP2sWEmIv4KK5OTEluFJCKSidICx8ciO85XgH3Ak8k=
golang.org/x/term v0.31.0 h1:erwDkOK1Msy6offm1mOgvspSkslFnIGsFnxOKoufg3o=
golang.org/x/term v0.31.0/go.mod h1:R4BeIy7D95HzImkxGkTW1UQTtP54tio2RyHz7PwK0aw=
golang.org/x/term v0.32.0 h1:DR4lr0TjUs3epypdhTOkMmuF5CDFJ/8pOnbzMZPQ7bg=
golang.org/x/term v0.32.0/go.mod h1:uZG1FhGx848Sqfsq4/DlJr3xGGsYMu/L5GW4abiaEPQ=
golang.org/x/text v0.24.0 h1:dd5Bzh4yt5KYA8f9CJHCP4FB4D51c2c6JvN37xJJkJ0=
golang.org/x/text v0.24.0/go.mod h1:L8rBsPeo2pSS+xqN0d5u2ikmjtmoJbDBT1b7nHvFCdU=
golang.org/x/text v0.25.0 h1:qVyWApTSYLk/drJRO5mDlNYskwQznZmkpV2c8q9zls4=
golang.org/x/text v0.25.0/go.mod h1:WEdwpYrmk1qmdHvhkSTNPm3app7v4rsT8F2UD6+VHIA=
google.golang.org/genproto/googleapis/api v0.0.0-20250425173222-7b384671a197 h1:9DuBh3k1jUho2DHdxH+kbJwthIAq02vGvZNrD2ggF+Y=
google.golang.org/genproto/googleapis/api v0.0.0-20250425173222-7b384671a197/go.mod h1:Cd8IzgPo5Akum2c9R6FsXNaZbH3Jpa2gpHlW89FqlyQ=
google.golang.org/genproto/googleapis/api v0.0.0-20250519155744-55703ea1f237 h1:Kog3KlB4xevJlAcbbbzPfRG0+X9fdoGM+UBRKVz6Wr0=
google.golang.org/genproto/googleapis/api v0.0.0-20250519155744-55703ea1f237/go.mod h1:ezi0AVyMKDWy5xAncvjLWH7UcLBB5n7y2fQ8MzjJcto=
google.golang.org/genproto/googleapis/rpc v0.0.0-20250425173222-7b384671a197 h1:29cjnHVylHwTzH66WfFZqgSQgnxzvWE+jvBwpZCLRxY=
google.golang.org/genproto/googleapis/rpc v0.0.0-20250425173222-7b384671a197/go.mod h1:qQ0YXyHHx3XkvlzUtpXDkS29lDSafHMZBAZDc03LQ3A=
google.golang.org/genproto/googleapis/rpc v0.0.0-20250519155744-55703ea1f237 h1:cJfm9zPbe1e873mHJzmQ1nwVEeRDU/T1wXDK2kUSU34=
google.golang.org/genproto/googleapis/rpc v0.0.0-20250519155744-55703ea1f237/go.mod h1:qQ0YXyHHx3XkvlzUtpXDkS29lDSafHMZBAZDc03LQ3A=
google.golang.org/grpc v1.72.0 h1:S7UkcVa60b5AAQTaO6ZKamFp1zMZSU0fGDK2WZLbBnM=
google.golang.org/grpc v1.72.0/go.mod h1:wH5Aktxcg25y1I3w7H69nHfXdOG3UiadoBtjh3izSDM=
google.golang.org/grpc v1.72.1 h1:HR03wO6eyZ7lknl75XlxABNVLLFc2PAb6mHlYh756mA=
google.golang.org/grpc v1.72.1/go.mod h1:wH5Aktxcg25y1I3w7H69nHfXdOG3UiadoBtjh3izSDM=
google.golang.org/protobuf v1.36.6 h1:z1NpPI8ku2WgiWnf+t9wTPsn6eP1L7ksHUlkfLvd9xY=
google.golang.org/protobuf v1.36.6/go.mod h1:jduwjTPXsFjZGTmRluh+L6NjiWu7pchiJ2/5YcXBHnY=
